// !$*UTF8*$!
{
	archiveVersion = 1;
	classes = {
	};
	objectVersion = 46;
	objects = {

/* Begin PBXBuildFile section */
		340B120F22552592AB362816 /* Pods.framework in Frameworks */ = {isa = PBXBuildFile; fileRef = E994D0BC3ECA947A3AC48A00 /* Pods.framework */; };
		7D70D009694373A6307BDD28 /* Pods_MapView.framework in Frameworks */ = {isa = PBXBuildFile; fileRef = 831747BB76B7F371C5E34A8A /* Pods_MapView.framework */; };
		7E71B8A770F2A54ABD09F3EE /* Pods_MapViewTests.framework in Frameworks */ = {isa = PBXBuildFile; fileRef = 9F72BB194A97F430E250E17E /* Pods_MapViewTests.framework */; };
		B5AC52D6594319B1737447CC /* Pods_MapViewUITests.framework in Frameworks */ = {isa = PBXBuildFile; fileRef = C22E78031DEB11B38051F115 /* Pods_MapViewUITests.framework */; };
		C76FBBE81CAC4A9900E0DAAE /* XGMSMakerTest.swift in Sources */ = {isa = PBXBuildFile; fileRef = C76FBBE71CAC4A9900E0DAAE /* XGMSMakerTest.swift */; };
		C76FBBEE1CAC52EC00E0DAAE /* GMRouteServiceTest.swift in Sources */ = {isa = PBXBuildFile; fileRef = C76FBBED1CAC52EC00E0DAAE /* GMRouteServiceTest.swift */; };
		C76FBBF11CACD09400E0DAAE /* ViewController~ViewModel.swift in Sources */ = {isa = PBXBuildFile; fileRef = C76FBBF01CACD09400E0DAAE /* ViewController~ViewModel.swift */; };
		C76FBBF31CACE28400E0DAAE /* ViewController~GMSAutocompleteViewControllerDelegate.swift in Sources */ = {isa = PBXBuildFile; fileRef = C76FBBF21CACE28400E0DAAE /* ViewController~GMSAutocompleteViewControllerDelegate.swift */; };
		C76FBBF51CACE2AC00E0DAAE /* ViewController~GMSMapViewDelegate.swift in Sources */ = {isa = PBXBuildFile; fileRef = C76FBBF41CACE2AC00E0DAAE /* ViewController~GMSMapViewDelegate.swift */; };
		C76FBBF91CACF76B00E0DAAE /* ViewController~ViewModelTest.swift in Sources */ = {isa = PBXBuildFile; fileRef = C76FBBF81CACF76B00E0DAAE /* ViewController~ViewModelTest.swift */; };
		C7BE28BA1CA7D17200B2451C /* XGMSMarker.swift in Sources */ = {isa = PBXBuildFile; fileRef = C7BE28B91CA7D17200B2451C /* XGMSMarker.swift */; };
		C7BE28BC1CA7D66A00B2451C /* GMRouteService.swift in Sources */ = {isa = PBXBuildFile; fileRef = C7BE28BB1CA7D66A00B2451C /* GMRouteService.swift */; };
		C7BE28C51CA83B7600B2451C /* Localizable.strings in Resources */ = {isa = PBXBuildFile; fileRef = C7BE28C71CA83B7600B2451C /* Localizable.strings */; };
		C7C0F3C61CA120DC00F4E8B4 /* AppDelegate.swift in Sources */ = {isa = PBXBuildFile; fileRef = C7C0F3C51CA120DC00F4E8B4 /* AppDelegate.swift */; };
		C7C0F3C81CA120DC00F4E8B4 /* ViewController.swift in Sources */ = {isa = PBXBuildFile; fileRef = C7C0F3C71CA120DC00F4E8B4 /* ViewController.swift */; };
		C7C0F3CB1CA120DC00F4E8B4 /* Main.storyboard in Resources */ = {isa = PBXBuildFile; fileRef = C7C0F3C91CA120DC00F4E8B4 /* Main.storyboard */; settings = {ASSET_TAGS = ("google map", ); }; };
		C7C0F3CD1CA120DC00F4E8B4 /* Assets.xcassets in Resources */ = {isa = PBXBuildFile; fileRef = C7C0F3CC1CA120DC00F4E8B4 /* Assets.xcassets */; };
		C7C0F3D01CA120DC00F4E8B4 /* LaunchScreen.storyboard in Resources */ = {isa = PBXBuildFile; fileRef = C7C0F3CE1CA120DC00F4E8B4 /* LaunchScreen.storyboard */; };
		C7C0F3E61CA120DC00F4E8B4 /* MapViewUITests.swift in Sources */ = {isa = PBXBuildFile; fileRef = C7C0F3E51CA120DC00F4E8B4 /* MapViewUITests.swift */; };
		C7C0F3F41CA12C5D00F4E8B4 /* config.swift in Sources */ = {isa = PBXBuildFile; fileRef = C7C0F3F31CA12C5D00F4E8B4 /* config.swift */; };
		C7C0F3F81CA12E7800F4E8B4 /* config.swift.txt in Resources */ = {isa = PBXBuildFile; fileRef = C7C0F3F71CA12E7800F4E8B4 /* config.swift.txt */; };
/* End PBXBuildFile section */

/* Begin PBXContainerItemProxy section */
		C7C0F3D71CA120DC00F4E8B4 /* PBXContainerItemProxy */ = {
			isa = PBXContainerItemProxy;
			containerPortal = C7C0F3BA1CA120DC00F4E8B4 /* Project object */;
			proxyType = 1;
			remoteGlobalIDString = C7C0F3C11CA120DC00F4E8B4;
			remoteInfo = MapView;
		};
		C7C0F3E21CA120DC00F4E8B4 /* PBXContainerItemProxy */ = {
			isa = PBXContainerItemProxy;
			containerPortal = C7C0F3BA1CA120DC00F4E8B4 /* Project object */;
			proxyType = 1;
			remoteGlobalIDString = C7C0F3C11CA120DC00F4E8B4;
			remoteInfo = MapView;
		};
/* End PBXContainerItemProxy section */

/* Begin PBXFileReference section */
		0F1D2D943336C60C99DCBEB9 /* Pods-MapViewUITests.release.xcconfig */ = {isa = PBXFileReference; includeInIndex = 1; lastKnownFileType = text.xcconfig; name = "Pods-MapViewUITests.release.xcconfig"; path = "Pods/Target Support Files/Pods-MapViewUITests/Pods-MapViewUITests.release.xcconfig"; sourceTree = "<group>"; };
		16ACF371A25CE9F86BC2F2E2 /* Pods.debug.xcconfig */ = {isa = PBXFileReference; includeInIndex = 1; lastKnownFileType = text.xcconfig; name = Pods.debug.xcconfig; path = "Pods/Target Support Files/Pods/Pods.debug.xcconfig"; sourceTree = "<group>"; };
		33B770E4AE747BEC17648BCB /* Pods.release.xcconfig */ = {isa = PBXFileReference; includeInIndex = 1; lastKnownFileType = text.xcconfig; name = Pods.release.xcconfig; path = "Pods/Target Support Files/Pods/Pods.release.xcconfig"; sourceTree = "<group>"; };
		62F6D5788DDD2641C888B52D /* Pods-MapViewUITests.debug.xcconfig */ = {isa = PBXFileReference; includeInIndex = 1; lastKnownFileType = text.xcconfig; name = "Pods-MapViewUITests.debug.xcconfig"; path = "Pods/Target Support Files/Pods-MapViewUITests/Pods-MapViewUITests.debug.xcconfig"; sourceTree = "<group>"; };
		831747BB76B7F371C5E34A8A /* Pods_MapView.framework */ = {isa = PBXFileReference; explicitFileType = wrapper.framework; includeInIndex = 0; path = Pods_MapView.framework; sourceTree = BUILT_PRODUCTS_DIR; };
		8F0E2EA0755EB6AB428713F0 /* Pods-MapViewTests.debug.xcconfig */ = {isa = PBXFileReference; includeInIndex = 1; lastKnownFileType = text.xcconfig; name = "Pods-MapViewTests.debug.xcconfig"; path = "Pods/Target Support Files/Pods-MapViewTests/Pods-MapViewTests.debug.xcconfig"; sourceTree = "<group>"; };
		9F72BB194A97F430E250E17E /* Pods_MapViewTests.framework */ = {isa = PBXFileReference; explicitFileType = wrapper.framework; includeInIndex = 0; path = Pods_MapViewTests.framework; sourceTree = BUILT_PRODUCTS_DIR; };
		C22E78031DEB11B38051F115 /* Pods_MapViewUITests.framework */ = {isa = PBXFileReference; explicitFileType = wrapper.framework; includeInIndex = 0; path = Pods_MapViewUITests.framework; sourceTree = BUILT_PRODUCTS_DIR; };
		C76FBBE71CAC4A9900E0DAAE /* XGMSMakerTest.swift */ = {isa = PBXFileReference; fileEncoding = 4; lastKnownFileType = sourcecode.swift; path = XGMSMakerTest.swift; sourceTree = "<group>"; };
		C76FBBED1CAC52EC00E0DAAE /* GMRouteServiceTest.swift */ = {isa = PBXFileReference; fileEncoding = 4; lastKnownFileType = sourcecode.swift; path = GMRouteServiceTest.swift; sourceTree = "<group>"; };
		C76FBBF01CACD09400E0DAAE /* ViewController~ViewModel.swift */ = {isa = PBXFileReference; fileEncoding = 4; lastKnownFileType = sourcecode.swift; path = "ViewController~ViewModel.swift"; sourceTree = "<group>"; };
		C76FBBF21CACE28400E0DAAE /* ViewController~GMSAutocompleteViewControllerDelegate.swift */ = {isa = PBXFileReference; fileEncoding = 4; lastKnownFileType = sourcecode.swift; path = "ViewController~GMSAutocompleteViewControllerDelegate.swift"; sourceTree = "<group>"; };
		C76FBBF41CACE2AC00E0DAAE /* ViewController~GMSMapViewDelegate.swift */ = {isa = PBXFileReference; fileEncoding = 4; lastKnownFileType = sourcecode.swift; path = "ViewController~GMSMapViewDelegate.swift"; sourceTree = "<group>"; };
		C76FBBF81CACF76B00E0DAAE /* ViewController~ViewModelTest.swift */ = {isa = PBXFileReference; fileEncoding = 4; lastKnownFileType = sourcecode.swift; path = "ViewController~ViewModelTest.swift"; sourceTree = "<group>"; };
		C7BE28B91CA7D17200B2451C /* XGMSMarker.swift */ = {isa = PBXFileReference; fileEncoding = 4; lastKnownFileType = sourcecode.swift; path = XGMSMarker.swift; sourceTree = "<group>"; };
		C7BE28BB1CA7D66A00B2451C /* GMRouteService.swift */ = {isa = PBXFileReference; fileEncoding = 4; lastKnownFileType = sourcecode.swift; path = GMRouteService.swift; sourceTree = "<group>"; };
		C7BE28BE1CA7E69800B2451C /* vi */ = {isa = PBXFileReference; lastKnownFileType = text.plist.strings; name = vi; path = vi.lproj/Main.strings; sourceTree = "<group>"; };
		C7BE28C01CA7E6A700B2451C /* en */ = {isa = PBXFileReference; lastKnownFileType = text.plist.strings; name = en; path = en.lproj/Main.strings; sourceTree = "<group>"; };
		C7BE28C61CA83B7600B2451C /* en */ = {isa = PBXFileReference; lastKnownFileType = text.plist.strings; name = en; path = en.lproj/Localizable.strings; sourceTree = "<group>"; };
		C7BE28C81CA83B7E00B2451C /* vi */ = {isa = PBXFileReference; lastKnownFileType = text.plist.strings; name = vi; path = vi.lproj/Localizable.strings; sourceTree = "<group>"; };
		C7BE28C91CA83B8700B2451C /* Base */ = {isa = PBXFileReference; lastKnownFileType = text.plist.strings; name = Base; path = Base.lproj/Localizable.strings; sourceTree = "<group>"; };
		C7C0F3C21CA120DC00F4E8B4 /* MapView.app */ = {isa = PBXFileReference; explicitFileType = wrapper.application; includeInIndex = 0; path = MapView.app; sourceTree = BUILT_PRODUCTS_DIR; };
		C7C0F3C51CA120DC00F4E8B4 /* AppDelegate.swift */ = {isa = PBXFileReference; lastKnownFileType = sourcecode.swift; path = AppDelegate.swift; sourceTree = "<group>"; };
		C7C0F3C71CA120DC00F4E8B4 /* ViewController.swift */ = {isa = PBXFileReference; lastKnownFileType = sourcecode.swift; path = ViewController.swift; sourceTree = "<group>"; };
		C7C0F3CA1CA120DC00F4E8B4 /* Base */ = {isa = PBXFileReference; lastKnownFileType = file.storyboard; name = Base; path = Base.lproj/Main.storyboard; sourceTree = "<group>"; };
		C7C0F3CC1CA120DC00F4E8B4 /* Assets.xcassets */ = {isa = PBXFileReference; lastKnownFileType = folder.assetcatalog; path = Assets.xcassets; sourceTree = "<group>"; };
		C7C0F3CF1CA120DC00F4E8B4 /* Base */ = {isa = PBXFileReference; lastKnownFileType = file.storyboard; name = Base; path = Base.lproj/LaunchScreen.storyboard; sourceTree = "<group>"; };
		C7C0F3D11CA120DC00F4E8B4 /* Info.plist */ = {isa = PBXFileReference; lastKnownFileType = text.plist.xml; path = Info.plist; sourceTree = "<group>"; };
		C7C0F3D61CA120DC00F4E8B4 /* MapViewTests.xctest */ = {isa = PBXFileReference; explicitFileType = wrapper.cfbundle; includeInIndex = 0; path = MapViewTests.xctest; sourceTree = BUILT_PRODUCTS_DIR; };
		C7C0F3DC1CA120DC00F4E8B4 /* Info.plist */ = {isa = PBXFileReference; lastKnownFileType = text.plist.xml; path = Info.plist; sourceTree = "<group>"; };
		C7C0F3E11CA120DC00F4E8B4 /* MapViewUITests.xctest */ = {isa = PBXFileReference; explicitFileType = wrapper.cfbundle; includeInIndex = 0; path = MapViewUITests.xctest; sourceTree = BUILT_PRODUCTS_DIR; };
		C7C0F3E51CA120DC00F4E8B4 /* MapViewUITests.swift */ = {isa = PBXFileReference; lastKnownFileType = sourcecode.swift; path = MapViewUITests.swift; sourceTree = "<group>"; };
		C7C0F3E71CA120DC00F4E8B4 /* Info.plist */ = {isa = PBXFileReference; lastKnownFileType = text.plist.xml; path = Info.plist; sourceTree = "<group>"; };
		C7C0F3F31CA12C5D00F4E8B4 /* config.swift */ = {isa = PBXFileReference; fileEncoding = 4; lastKnownFileType = sourcecode.swift; path = config.swift; sourceTree = "<group>"; };
		C7C0F3F71CA12E7800F4E8B4 /* config.swift.txt */ = {isa = PBXFileReference; fileEncoding = 4; lastKnownFileType = text; path = config.swift.txt; sourceTree = "<group>"; };
		DAE5339CD8C038C21699F6CD /* Pods-MapViewTests.release.xcconfig */ = {isa = PBXFileReference; includeInIndex = 1; lastKnownFileType = text.xcconfig; name = "Pods-MapViewTests.release.xcconfig"; path = "Pods/Target Support Files/Pods-MapViewTests/Pods-MapViewTests.release.xcconfig"; sourceTree = "<group>"; };
		E994D0BC3ECA947A3AC48A00 /* Pods.framework */ = {isa = PBXFileReference; explicitFileType = wrapper.framework; includeInIndex = 0; path = Pods.framework; sourceTree = BUILT_PRODUCTS_DIR; };
/* End PBXFileReference section */

/* Begin PBXFrameworksBuildPhase section */
		C7C0F3BF1CA120DC00F4E8B4 /* Frameworks */ = {
			isa = PBXFrameworksBuildPhase;
			buildActionMask = 2147483647;
			files = (
				7D70D009694373A6307BDD28 /* Pods_MapView.framework in Frameworks */,
				340B120F22552592AB362816 /* Pods.framework in Frameworks */,
			);
			runOnlyForDeploymentPostprocessing = 0;
		};
		C7C0F3D31CA120DC00F4E8B4 /* Frameworks */ = {
			isa = PBXFrameworksBuildPhase;
			buildActionMask = 2147483647;
			files = (
				7E71B8A770F2A54ABD09F3EE /* Pods_MapViewTests.framework in Frameworks */,
			);
			runOnlyForDeploymentPostprocessing = 0;
		};
		C7C0F3DE1CA120DC00F4E8B4 /* Frameworks */ = {
			isa = PBXFrameworksBuildPhase;
			buildActionMask = 2147483647;
			files = (
				B5AC52D6594319B1737447CC /* Pods_MapViewUITests.framework in Frameworks */,
			);
			runOnlyForDeploymentPostprocessing = 0;
		};
/* End PBXFrameworksBuildPhase section */

/* Begin PBXGroup section */
		363387149831480F9FED5FA6 /* Frameworks */ = {
			isa = PBXGroup;
			children = (
				831747BB76B7F371C5E34A8A /* Pods_MapView.framework */,
				9F72BB194A97F430E250E17E /* Pods_MapViewTests.framework */,
				C22E78031DEB11B38051F115 /* Pods_MapViewUITests.framework */,
				E994D0BC3ECA947A3AC48A00 /* Pods.framework */,
			);
			name = Frameworks;
			sourceTree = "<group>";
		};
		36E110F23234C07C94C70CD6 /* Pods */ = {
			isa = PBXGroup;
			children = (
				16ACF371A25CE9F86BC2F2E2 /* Pods.debug.xcconfig */,
				33B770E4AE747BEC17648BCB /* Pods.release.xcconfig */,
				8F0E2EA0755EB6AB428713F0 /* Pods-MapViewTests.debug.xcconfig */,
				DAE5339CD8C038C21699F6CD /* Pods-MapViewTests.release.xcconfig */,
				62F6D5788DDD2641C888B52D /* Pods-MapViewUITests.debug.xcconfig */,
				0F1D2D943336C60C99DCBEB9 /* Pods-MapViewUITests.release.xcconfig */,
			);
			name = Pods;
			sourceTree = "<group>";
		};
		C76FBBEF1CACD07300E0DAAE /* ViewController */ = {
			isa = PBXGroup;
			children = (
				C7C0F3C71CA120DC00F4E8B4 /* ViewController.swift */,
				C76FBBF01CACD09400E0DAAE /* ViewController~ViewModel.swift */,
				C76FBBF21CACE28400E0DAAE /* ViewController~GMSAutocompleteViewControllerDelegate.swift */,
				C76FBBF41CACE2AC00E0DAAE /* ViewController~GMSMapViewDelegate.swift */,
			);
			name = ViewController;
			sourceTree = "<group>";
		};
		C7C0F3B91CA120DC00F4E8B4 = {
			isa = PBXGroup;
			children = (
				C7BE28C71CA83B7600B2451C /* Localizable.strings */,
				C7C0F3C41CA120DC00F4E8B4 /* MapView */,
				C7C0F3D91CA120DC00F4E8B4 /* MapViewTests */,
				C7C0F3E41CA120DC00F4E8B4 /* MapViewUITests */,
				C7C0F3C31CA120DC00F4E8B4 /* Products */,
				36E110F23234C07C94C70CD6 /* Pods */,
				363387149831480F9FED5FA6 /* Frameworks */,
			);
			sourceTree = "<group>";
		};
		C7C0F3C31CA120DC00F4E8B4 /* Products */ = {
			isa = PBXGroup;
			children = (
				C7C0F3C21CA120DC00F4E8B4 /* MapView.app */,
				C7C0F3D61CA120DC00F4E8B4 /* MapViewTests.xctest */,
				C7C0F3E11CA120DC00F4E8B4 /* MapViewUITests.xctest */,
			);
			name = Products;
			sourceTree = "<group>";
		};
		C7C0F3C41CA120DC00F4E8B4 /* MapView */ = {
			isa = PBXGroup;
			children = (
				C76FBBEF1CACD07300E0DAAE /* ViewController */,
				C7C0F3C51CA120DC00F4E8B4 /* AppDelegate.swift */,
				C7BE28B91CA7D17200B2451C /* XGMSMarker.swift */,
				C7C0F3C91CA120DC00F4E8B4 /* Main.storyboard */,
				C7C0F3CC1CA120DC00F4E8B4 /* Assets.xcassets */,
				C7C0F3CE1CA120DC00F4E8B4 /* LaunchScreen.storyboard */,
				C7C0F3D11CA120DC00F4E8B4 /* Info.plist */,
				C7C0F3F31CA12C5D00F4E8B4 /* config.swift */,
				C7C0F3F71CA12E7800F4E8B4 /* config.swift.txt */,
				C7BE28BB1CA7D66A00B2451C /* GMRouteService.swift */,
			);
			path = MapView;
			sourceTree = "<group>";
		};
		C7C0F3D91CA120DC00F4E8B4 /* MapViewTests */ = {
			isa = PBXGroup;
			children = (
				C7C0F3DC1CA120DC00F4E8B4 /* Info.plist */,
				C76FBBE71CAC4A9900E0DAAE /* XGMSMakerTest.swift */,
				C76FBBED1CAC52EC00E0DAAE /* GMRouteServiceTest.swift */,
				C76FBBF81CACF76B00E0DAAE /* ViewController~ViewModelTest.swift */,
			);
			path = MapViewTests;
			sourceTree = "<group>";
		};
		C7C0F3E41CA120DC00F4E8B4 /* MapViewUITests */ = {
			isa = PBXGroup;
			children = (
				C7C0F3E51CA120DC00F4E8B4 /* MapViewUITests.swift */,
				C7C0F3E71CA120DC00F4E8B4 /* Info.plist */,
			);
			path = MapViewUITests;
			sourceTree = "<group>";
		};
/* End PBXGroup section */

/* Begin PBXNativeTarget section */
		C7C0F3C11CA120DC00F4E8B4 /* MapView */ = {
			isa = PBXNativeTarget;
			buildConfigurationList = C7C0F3EA1CA120DC00F4E8B4 /* Build configuration list for PBXNativeTarget "MapView" */;
			buildPhases = (
				2A501D6F18BD4297FFBA76DF /* Check Pods Manifest.lock */,
				C7C0F3BE1CA120DC00F4E8B4 /* Sources */,
				C7C0F3BF1CA120DC00F4E8B4 /* Frameworks */,
				C7C0F3C01CA120DC00F4E8B4 /* Resources */,
				3CDB27006D5C13F5155CF92B /* Embed Pods Frameworks */,
				2F7068F6D95F4242BE5B893B /* Copy Pods Resources */,
			);
			buildRules = (
			);
			dependencies = (
			);
			name = MapView;
			productName = MapView;
			productReference = C7C0F3C21CA120DC00F4E8B4 /* MapView.app */;
			productType = "com.apple.product-type.application";
		};
		C7C0F3D51CA120DC00F4E8B4 /* MapViewTests */ = {
			isa = PBXNativeTarget;
			buildConfigurationList = C7C0F3ED1CA120DC00F4E8B4 /* Build configuration list for PBXNativeTarget "MapViewTests" */;
			buildPhases = (
				471A0D634E7DE8AFC3DB9020 /* Check Pods Manifest.lock */,
				C7C0F3D21CA120DC00F4E8B4 /* Sources */,
				C7C0F3D31CA120DC00F4E8B4 /* Frameworks */,
				C7C0F3D41CA120DC00F4E8B4 /* Resources */,
				E2BDB513C976CEF3B70B68A2 /* Embed Pods Frameworks */,
				44F08A6109C01D1D3CB730BD /* Copy Pods Resources */,
			);
			buildRules = (
			);
			dependencies = (
				C7C0F3D81CA120DC00F4E8B4 /* PBXTargetDependency */,
			);
			name = MapViewTests;
			productName = MapViewTests;
			productReference = C7C0F3D61CA120DC00F4E8B4 /* MapViewTests.xctest */;
			productType = "com.apple.product-type.bundle.unit-test";
		};
		C7C0F3E01CA120DC00F4E8B4 /* MapViewUITests */ = {
			isa = PBXNativeTarget;
			buildConfigurationList = C7C0F3F01CA120DC00F4E8B4 /* Build configuration list for PBXNativeTarget "MapViewUITests" */;
			buildPhases = (
				6B52875F7BFF7BF2F0E1E355 /* Check Pods Manifest.lock */,
				C7C0F3DD1CA120DC00F4E8B4 /* Sources */,
				C7C0F3DE1CA120DC00F4E8B4 /* Frameworks */,
				C7C0F3DF1CA120DC00F4E8B4 /* Resources */,
				14CF251E3AE7C9618DE06AA2 /* Copy Pods Resources */,
			);
			buildRules = (
			);
			dependencies = (
				C7C0F3E31CA120DC00F4E8B4 /* PBXTargetDependency */,
			);
			name = MapViewUITests;
			productName = MapViewUITests;
			productReference = C7C0F3E11CA120DC00F4E8B4 /* MapViewUITests.xctest */;
			productType = "com.apple.product-type.bundle.ui-testing";
		};
/* End PBXNativeTarget section */

/* Begin PBXProject section */
		C7C0F3BA1CA120DC00F4E8B4 /* Project object */ = {
			isa = PBXProject;
			attributes = {
				KnownAssetTags = (
					"google map",
				);
				LastSwiftUpdateCheck = 0720;
				LastUpgradeCheck = 0720;
				ORGANIZATIONNAME = "Nguyen Khanh Duy";
				TargetAttributes = {
					C7C0F3C11CA120DC00F4E8B4 = {
						CreatedOnToolsVersion = 7.2.1;
					};
					C7C0F3D51CA120DC00F4E8B4 = {
						CreatedOnToolsVersion = 7.2.1;
						TestTargetID = C7C0F3C11CA120DC00F4E8B4;
					};
					C7C0F3E01CA120DC00F4E8B4 = {
						CreatedOnToolsVersion = 7.2.1;
						TestTargetID = C7C0F3C11CA120DC00F4E8B4;
					};
				};
			};
			buildConfigurationList = C7C0F3BD1CA120DC00F4E8B4 /* Build configuration list for PBXProject "MapView" */;
			compatibilityVersion = "Xcode 3.2";
			developmentRegion = English;
			hasScannedForEncodings = 0;
			knownRegions = (
				en,
				Base,
				vi,
			);
			mainGroup = C7C0F3B91CA120DC00F4E8B4;
			productRefGroup = C7C0F3C31CA120DC00F4E8B4 /* Products */;
			projectDirPath = "";
			projectRoot = "";
			targets = (
				C7C0F3C11CA120DC00F4E8B4 /* MapView */,
				C7C0F3D51CA120DC00F4E8B4 /* MapViewTests */,
				C7C0F3E01CA120DC00F4E8B4 /* MapViewUITests */,
			);
		};
/* End PBXProject section */

/* Begin PBXResourcesBuildPhase section */
		C7C0F3C01CA120DC00F4E8B4 /* Resources */ = {
			isa = PBXResourcesBuildPhase;
			buildActionMask = 2147483647;
			files = (
				C7BE28C51CA83B7600B2451C /* Localizable.strings in Resources */,
				C7C0F3D01CA120DC00F4E8B4 /* LaunchScreen.storyboard in Resources */,
				C7C0F3CD1CA120DC00F4E8B4 /* Assets.xcassets in Resources */,
				C7C0F3F81CA12E7800F4E8B4 /* config.swift.txt in Resources */,
				C7C0F3CB1CA120DC00F4E8B4 /* Main.storyboard in Resources */,
			);
			runOnlyForDeploymentPostprocessing = 0;
		};
		C7C0F3D41CA120DC00F4E8B4 /* Resources */ = {
			isa = PBXResourcesBuildPhase;
			buildActionMask = 2147483647;
			files = (
			);
			runOnlyForDeploymentPostprocessing = 0;
		};
		C7C0F3DF1CA120DC00F4E8B4 /* Resources */ = {
			isa = PBXResourcesBuildPhase;
			buildActionMask = 2147483647;
			files = (
			);
			runOnlyForDeploymentPostprocessing = 0;
		};
/* End PBXResourcesBuildPhase section */

/* Begin PBXShellScriptBuildPhase section */
		14CF251E3AE7C9618DE06AA2 /* Copy Pods Resources */ = {
			isa = PBXShellScriptBuildPhase;
			buildActionMask = 2147483647;
			files = (
			);
			inputPaths = (
			);
			name = "Copy Pods Resources";
			outputPaths = (
			);
			runOnlyForDeploymentPostprocessing = 0;
			shellPath = /bin/sh;
			shellScript = "\"${SRCROOT}/Pods/Target Support Files/Pods-MapViewUITests/Pods-MapViewUITests-resources.sh\"\n";
			showEnvVarsInLog = 0;
		};
		2A501D6F18BD4297FFBA76DF /* Check Pods Manifest.lock */ = {
			isa = PBXShellScriptBuildPhase;
			buildActionMask = 2147483647;
			files = (
			);
			inputPaths = (
			);
			name = "Check Pods Manifest.lock";
			outputPaths = (
			);
			runOnlyForDeploymentPostprocessing = 0;
			shellPath = /bin/sh;
			shellScript = "diff \"${PODS_ROOT}/../Podfile.lock\" \"${PODS_ROOT}/Manifest.lock\" > /dev/null\nif [[ $? != 0 ]] ; then\n    cat << EOM\nerror: The sandbox is not in sync with the Podfile.lock. Run 'pod install' or update your CocoaPods installation.\nEOM\n    exit 1\nfi\n";
			showEnvVarsInLog = 0;
		};
		2F7068F6D95F4242BE5B893B /* Copy Pods Resources */ = {
			isa = PBXShellScriptBuildPhase;
			buildActionMask = 2147483647;
			files = (
			);
			inputPaths = (
			);
			name = "Copy Pods Resources";
			outputPaths = (
			);
			runOnlyForDeploymentPostprocessing = 0;
			shellPath = /bin/sh;
			shellScript = "\"${SRCROOT}/Pods/Target Support Files/Pods/Pods-resources.sh\"\n";
			showEnvVarsInLog = 0;
		};
		3CDB27006D5C13F5155CF92B /* Embed Pods Frameworks */ = {
			isa = PBXShellScriptBuildPhase;
			buildActionMask = 2147483647;
			files = (
			);
			inputPaths = (
			);
			name = "Embed Pods Frameworks";
			outputPaths = (
			);
			runOnlyForDeploymentPostprocessing = 0;
			shellPath = /bin/sh;
			shellScript = "\"${SRCROOT}/Pods/Target Support Files/Pods/Pods-frameworks.sh\"\n";
			showEnvVarsInLog = 0;
		};
		44F08A6109C01D1D3CB730BD /* Copy Pods Resources */ = {
			isa = PBXShellScriptBuildPhase;
			buildActionMask = 2147483647;
			files = (
			);
			inputPaths = (
			);
			name = "Copy Pods Resources";
			outputPaths = (
			);
			runOnlyForDeploymentPostprocessing = 0;
			shellPath = /bin/sh;
			shellScript = "\"${SRCROOT}/Pods/Target Support Files/Pods-MapViewTests/Pods-MapViewTests-resources.sh\"\n";
			showEnvVarsInLog = 0;
		};
		471A0D634E7DE8AFC3DB9020 /* Check Pods Manifest.lock */ = {
			isa = PBXShellScriptBuildPhase;
			buildActionMask = 2147483647;
			files = (
			);
			inputPaths = (
			);
			name = "Check Pods Manifest.lock";
			outputPaths = (
			);
			runOnlyForDeploymentPostprocessing = 0;
			shellPath = /bin/sh;
			shellScript = "diff \"${PODS_ROOT}/../Podfile.lock\" \"${PODS_ROOT}/Manifest.lock\" > /dev/null\nif [[ $? != 0 ]] ; then\n    cat << EOM\nerror: The sandbox is not in sync with the Podfile.lock. Run 'pod install' or update your CocoaPods installation.\nEOM\n    exit 1\nfi\n";
			showEnvVarsInLog = 0;
		};
		6B52875F7BFF7BF2F0E1E355 /* Check Pods Manifest.lock */ = {
			isa = PBXShellScriptBuildPhase;
			buildActionMask = 2147483647;
			files = (
			);
			inputPaths = (
			);
			name = "Check Pods Manifest.lock";
			outputPaths = (
			);
			runOnlyForDeploymentPostprocessing = 0;
			shellPath = /bin/sh;
			shellScript = "diff \"${PODS_ROOT}/../Podfile.lock\" \"${PODS_ROOT}/Manifest.lock\" > /dev/null\nif [[ $? != 0 ]] ; then\n    cat << EOM\nerror: The sandbox is not in sync with the Podfile.lock. Run 'pod install' or update your CocoaPods installation.\nEOM\n    exit 1\nfi\n";
			showEnvVarsInLog = 0;
		};
		E2BDB513C976CEF3B70B68A2 /* Embed Pods Frameworks */ = {
			isa = PBXShellScriptBuildPhase;
			buildActionMask = 2147483647;
			files = (
			);
			inputPaths = (
			);
			name = "Embed Pods Frameworks";
			outputPaths = (
			);
			runOnlyForDeploymentPostprocessing = 0;
			shellPath = /bin/sh;
			shellScript = "\"${SRCROOT}/Pods/Target Support Files/Pods-MapViewTests/Pods-MapViewTests-frameworks.sh\"\n";
			showEnvVarsInLog = 0;
		};
/* End PBXShellScriptBuildPhase section */

/* Begin PBXSourcesBuildPhase section */
		C7C0F3BE1CA120DC00F4E8B4 /* Sources */ = {
			isa = PBXSourcesBuildPhase;
			buildActionMask = 2147483647;
			files = (
				C7BE28BC1CA7D66A00B2451C /* GMRouteService.swift in Sources */,
				C76FBBF11CACD09400E0DAAE /* ViewController~ViewModel.swift in Sources */,
				C76FBBF51CACE2AC00E0DAAE /* ViewController~GMSMapViewDelegate.swift in Sources */,
				C7BE28BA1CA7D17200B2451C /* XGMSMarker.swift in Sources */,
				C7C0F3F41CA12C5D00F4E8B4 /* config.swift in Sources */,
				C7C0F3C81CA120DC00F4E8B4 /* ViewController.swift in Sources */,
				C76FBBF31CACE28400E0DAAE /* ViewController~GMSAutocompleteViewControllerDelegate.swift in Sources */,
				C7C0F3C61CA120DC00F4E8B4 /* AppDelegate.swift in Sources */,
			);
			runOnlyForDeploymentPostprocessing = 0;
		};
		C7C0F3D21CA120DC00F4E8B4 /* Sources */ = {
			isa = PBXSourcesBuildPhase;
			buildActionMask = 2147483647;
			files = (
				C76FBBE81CAC4A9900E0DAAE /* XGMSMakerTest.swift in Sources */,
				C76FBBEE1CAC52EC00E0DAAE /* GMRouteServiceTest.swift in Sources */,
				C76FBBF91CACF76B00E0DAAE /* ViewController~ViewModelTest.swift in Sources */,
			);
			runOnlyForDeploymentPostprocessing = 0;
		};
		C7C0F3DD1CA120DC00F4E8B4 /* Sources */ = {
			isa = PBXSourcesBuildPhase;
			buildActionMask = 2147483647;
			files = (
				C7C0F3E61CA120DC00F4E8B4 /* MapViewUITests.swift in Sources */,
			);
			runOnlyForDeploymentPostprocessing = 0;
		};
/* End PBXSourcesBuildPhase section */

/* Begin PBXTargetDependency section */
		C7C0F3D81CA120DC00F4E8B4 /* PBXTargetDependency */ = {
			isa = PBXTargetDependency;
			target = C7C0F3C11CA120DC00F4E8B4 /* MapView */;
			targetProxy = C7C0F3D71CA120DC00F4E8B4 /* PBXContainerItemProxy */;
		};
		C7C0F3E31CA120DC00F4E8B4 /* PBXTargetDependency */ = {
			isa = PBXTargetDependency;
			target = C7C0F3C11CA120DC00F4E8B4 /* MapView */;
			targetProxy = C7C0F3E21CA120DC00F4E8B4 /* PBXContainerItemProxy */;
		};
/* End PBXTargetDependency section */

/* Begin PBXVariantGroup section */
		C7BE28C71CA83B7600B2451C /* Localizable.strings */ = {
			isa = PBXVariantGroup;
			children = (
				C7BE28C61CA83B7600B2451C /* en */,
				C7BE28C81CA83B7E00B2451C /* vi */,
				C7BE28C91CA83B8700B2451C /* Base */,
			);
			name = Localizable.strings;
			sourceTree = "<group>";
		};
		C7C0F3C91CA120DC00F4E8B4 /* Main.storyboard */ = {
			isa = PBXVariantGroup;
			children = (
				C7C0F3CA1CA120DC00F4E8B4 /* Base */,
				C7BE28BE1CA7E69800B2451C /* vi */,
				C7BE28C01CA7E6A700B2451C /* en */,
			);
			name = Main.storyboard;
			sourceTree = "<group>";
		};
		C7C0F3CE1CA120DC00F4E8B4 /* LaunchScreen.storyboard */ = {
			isa = PBXVariantGroup;
			children = (
				C7C0F3CF1CA120DC00F4E8B4 /* Base */,
			);
			name = LaunchScreen.storyboard;
			sourceTree = "<group>";
		};
/* End PBXVariantGroup section */

/* Begin XCBuildConfiguration section */
		C7C0F3E81CA120DC00F4E8B4 /* Debug */ = {
			isa = XCBuildConfiguration;
			buildSettings = {
				ALWAYS_SEARCH_USER_PATHS = NO;
				CLANG_CXX_LANGUAGE_STANDARD = "gnu++0x";
				CLANG_CXX_LIBRARY = "libc++";
				CLANG_ENABLE_MODULES = YES;
				CLANG_ENABLE_OBJC_ARC = YES;
				CLANG_WARN_BOOL_CONVERSION = YES;
				CLANG_WARN_CONSTANT_CONVERSION = YES;
				CLANG_WARN_DIRECT_OBJC_ISA_USAGE = YES_ERROR;
				CLANG_WARN_EMPTY_BODY = YES;
				CLANG_WARN_ENUM_CONVERSION = YES;
				CLANG_WARN_INT_CONVERSION = YES;
				CLANG_WARN_OBJC_ROOT_CLASS = YES_ERROR;
				CLANG_WARN_UNREACHABLE_CODE = YES;
				CLANG_WARN__DUPLICATE_METHOD_MATCH = YES;
				"CODE_SIGN_IDENTITY[sdk=iphoneos*]" = "iPhone Developer";
				COPY_PHASE_STRIP = NO;
				DEBUG_INFORMATION_FORMAT = dwarf;
				ENABLE_STRICT_OBJC_MSGSEND = YES;
				ENABLE_TESTABILITY = YES;
				GCC_C_LANGUAGE_STANDARD = gnu99;
				GCC_DYNAMIC_NO_PIC = NO;
				GCC_NO_COMMON_BLOCKS = YES;
				GCC_OPTIMIZATION_LEVEL = 0;
				GCC_PREPROCESSOR_DEFINITIONS = (
					"DEBUG=1",
					"$(inherited)",
				);
				GCC_WARN_64_TO_32_BIT_CONVERSION = YES;
				GCC_WARN_ABOUT_RETURN_TYPE = YES_ERROR;
				GCC_WARN_UNDECLARED_SELECTOR = YES;
				GCC_WARN_UNINITIALIZED_AUTOS = YES_AGGRESSIVE;
				GCC_WARN_UNUSED_FUNCTION = YES;
				GCC_WARN_UNUSED_VARIABLE = YES;
				IPHONEOS_DEPLOYMENT_TARGET = 9.2;
				MTL_ENABLE_DEBUG_INFO = YES;
				ONLY_ACTIVE_ARCH = YES;
				SDKROOT = iphoneos;
				SWIFT_OPTIMIZATION_LEVEL = "-Onone";
				TARGETED_DEVICE_FAMILY = "1,2";
			};
			name = Debug;
		};
		C7C0F3E91CA120DC00F4E8B4 /* Release */ = {
			isa = XCBuildConfiguration;
			buildSettings = {
				ALWAYS_SEARCH_USER_PATHS = NO;
				CLANG_CXX_LANGUAGE_STANDARD = "gnu++0x";
				CLANG_CXX_LIBRARY = "libc++";
				CLANG_ENABLE_MODULES = YES;
				CLANG_ENABLE_OBJC_ARC = YES;
				CLANG_WARN_BOOL_CONVERSION = YES;
				CLANG_WARN_CONSTANT_CONVERSION = YES;
				CLANG_WARN_DIRECT_OBJC_ISA_USAGE = YES_ERROR;
				CLANG_WARN_EMPTY_BODY = YES;
				CLANG_WARN_ENUM_CONVERSION = YES;
				CLANG_WARN_INT_CONVERSION = YES;
				CLANG_WARN_OBJC_ROOT_CLASS = YES_ERROR;
				CLANG_WARN_UNREACHABLE_CODE = YES;
				CLANG_WARN__DUPLICATE_METHOD_MATCH = YES;
				"CODE_SIGN_IDENTITY[sdk=iphoneos*]" = "iPhone Developer";
				COPY_PHASE_STRIP = NO;
				DEBUG_INFORMATION_FORMAT = "dwarf-with-dsym";
				ENABLE_NS_ASSERTIONS = NO;
				ENABLE_STRICT_OBJC_MSGSEND = YES;
				GCC_C_LANGUAGE_STANDARD = gnu99;
				GCC_NO_COMMON_BLOCKS = YES;
				GCC_WARN_64_TO_32_BIT_CONVERSION = YES;
				GCC_WARN_ABOUT_RETURN_TYPE = YES_ERROR;
				GCC_WARN_UNDECLARED_SELECTOR = YES;
				GCC_WARN_UNINITIALIZED_AUTOS = YES_AGGRESSIVE;
				GCC_WARN_UNUSED_FUNCTION = YES;
				GCC_WARN_UNUSED_VARIABLE = YES;
				IPHONEOS_DEPLOYMENT_TARGET = 9.2;
				MTL_ENABLE_DEBUG_INFO = NO;
				SDKROOT = iphoneos;
				TARGETED_DEVICE_FAMILY = "1,2";
				VALIDATE_PRODUCT = YES;
			};
			name = Release;
		};
		C7C0F3EB1CA120DC00F4E8B4 /* Debug */ = {
			isa = XCBuildConfiguration;
			baseConfigurationReference = 16ACF371A25CE9F86BC2F2E2 /* Pods.debug.xcconfig */;
			buildSettings = {
				ASSETCATALOG_COMPILER_APPICON_NAME = AppIcon;
				INFOPLIST_FILE = MapView/Info.plist;
				LD_RUNPATH_SEARCH_PATHS = "$(inherited) @executable_path/Frameworks";
				PRODUCT_BUNDLE_IDENTIFIER = R.MapView;
				PRODUCT_NAME = "$(TARGET_NAME)";
			};
			name = Debug;
		};
		C7C0F3EC1CA120DC00F4E8B4 /* Release */ = {
			isa = XCBuildConfiguration;
			baseConfigurationReference = 33B770E4AE747BEC17648BCB /* Pods.release.xcconfig */;
			buildSettings = {
				ASSETCATALOG_COMPILER_APPICON_NAME = AppIcon;
				INFOPLIST_FILE = MapView/Info.plist;
				LD_RUNPATH_SEARCH_PATHS = "$(inherited) @executable_path/Frameworks";
				PRODUCT_BUNDLE_IDENTIFIER = R.MapView;
				PRODUCT_NAME = "$(TARGET_NAME)";
			};
			name = Release;
		};
		C7C0F3EE1CA120DC00F4E8B4 /* Debug */ = {
			isa = XCBuildConfiguration;
			baseConfigurationReference = 8F0E2EA0755EB6AB428713F0 /* Pods-MapViewTests.debug.xcconfig */;
			buildSettings = {
				BUNDLE_LOADER = "$(TEST_HOST)";
				INFOPLIST_FILE = MapViewTests/Info.plist;
				LD_RUNPATH_SEARCH_PATHS = "$(inherited) @executable_path/Frameworks @loader_path/Frameworks";
				PRODUCT_BUNDLE_IDENTIFIER = R.MapViewTests;
				PRODUCT_NAME = "$(TARGET_NAME)";
				TEST_HOST = "$(BUILT_PRODUCTS_DIR)/MapView.app/MapView";
			};
			name = Debug;
		};
		C7C0F3EF1CA120DC00F4E8B4 /* Release */ = {
			isa = XCBuildConfiguration;
			baseConfigurationReference = DAE5339CD8C038C21699F6CD /* Pods-MapViewTests.release.xcconfig */;
			buildSettings = {
				BUNDLE_LOADER = "$(TEST_HOST)";
				INFOPLIST_FILE = MapViewTests/Info.plist;
				LD_RUNPATH_SEARCH_PATHS = "$(inherited) @executable_path/Frameworks @loader_path/Frameworks";
				PRODUCT_BUNDLE_IDENTIFIER = R.MapViewTests;
				PRODUCT_NAME = "$(TARGET_NAME)";
				TEST_HOST = "$(BUILT_PRODUCTS_DIR)/MapView.app/MapView";
			};
			name = Release;
		};
		C7C0F3F11CA120DC00F4E8B4 /* Debug */ = {
			isa = XCBuildConfiguration;
			baseConfigurationReference = 62F6D5788DDD2641C888B52D /* Pods-MapViewUITests.debug.xcconfig */;
			buildSettings = {
				INFOPLIST_FILE = MapViewUITests/Info.plist;
				LD_RUNPATH_SEARCH_PATHS = "$(inherited) @executable_path/Frameworks @loader_path/Frameworks";
				PRODUCT_BUNDLE_IDENTIFIER = R.MapViewUITests;
				PRODUCT_NAME = "$(TARGET_NAME)";
				TEST_TARGET_NAME = MapView;
				USES_XCTRUNNER = YES;
			};
			name = Debug;
		};
		C7C0F3F21CA120DC00F4E8B4 /* Release */ = {
			isa = XCBuildConfiguration;
			baseConfigurationReference = 0F1D2D943336C60C99DCBEB9 /* Pods-MapViewUITests.release.xcconfig */;
			buildSettings = {
				INFOPLIST_FILE = MapViewUITests/Info.plist;
				LD_RUNPATH_SEARCH_PATHS = "$(inherited) @executable_path/Frameworks @loader_path/Frameworks";
				PRODUCT_BUNDLE_IDENTIFIER = R.MapViewUITests;
				PRODUCT_NAME = "$(TARGET_NAME)";
				TEST_TARGET_NAME = MapView;
				USES_XCTRUNNER = YES;
			};
			name = Release;
		};
/* End XCBuildConfiguration section */

/* Begin XCConfigurationList section */
		C7C0F3BD1CA120DC00F4E8B4 /* Build configuration list for PBXProject "MapView" */ = {
			isa = XCConfigurationList;
			buildConfigurations = (
				C7C0F3E81CA120DC00F4E8B4 /* Debug */,
				C7C0F3E91CA120DC00F4E8B4 /* Release */,
			);
			defaultConfigurationIsVisible = 0;
			defaultConfigurationName = Release;
		};
		C7C0F3EA1CA120DC00F4E8B4 /* Build configuration list for PBXNativeTarget "MapView" */ = {
			isa = XCConfigurationList;
			buildConfigurations = (
				C7C0F3EB1CA120DC00F4E8B4 /* Debug */,
				C7C0F3EC1CA120DC00F4E8B4 /* Release */,
			);
			defaultConfigurationIsVisible = 0;
			defaultConfigurationName = Release;
		};
		C7C0F3ED1CA120DC00F4E8B4 /* Build configuration list for PBXNativeTarget "MapViewTests" */ = {
			isa = XCConfigurationList;
			buildConfigurations = (
				C7C0F3EE1CA120DC00F4E8B4 /* Debug */,
				C7C0F3EF1CA120DC00F4E8B4 /* Release */,
			);
			defaultConfigurationIsVisible = 0;
			defaultConfigurationName = Release;
		};
		C7C0F3F01CA120DC00F4E8B4 /* Build configuration list for PBXNativeTarget "MapViewUITests" */ = {
			isa = XCConfigurationList;
			buildConfigurations = (
				C7C0F3F11CA120DC00F4E8B4 /* Debug */,
				C7C0F3F21CA120DC00F4E8B4 /* Release */,
			);
			defaultConfigurationIsVisible = 0;
			defaultConfigurationName = Release;
		};
/* End XCConfigurationList section */
	};
	rootObject = C7C0F3BA1CA120DC00F4E8B4 /* Project object */;
}
